{
  "nodes": {
    "nixpkgs": {
      "locked": {
        "lastModified": 1773408525,
        "narHash": "sha256-VagKKNsHE4266L9JnzOIC3o4Dia9aXkCCtzfg+7YpWE=",
        "owner": "NixOS",
        "repo": "nixpkgs",
        "rev": "5f706199f35c100c7547817a066f2ae7854a1fd3",
        "type": "github"
      },
      "original": {
        "owner": "NixOS",
        "repo": "nixpkgs",
        "type": "github"
      }
    },
    "root": {
      "inputs": {
        "nixpkgs": "nixpkgs"
      }
    }
  },
  "root": "root",
  "version": 7
}
